// !$*UTF8*$!
{
	archiveVersion = 1;
	classes = {
	};
	objectVersion = 77;
	objects = {

/* Begin PBXBuildFile section */
		88DE743A2CAF647E0087067A /* camina2.png in Resources */ = {isa = PBXBuildFile; fileRef = 88DE74312CAF647E0087067A /* camina2.png */; };
		88DE743B2CAF647E0087067A /* camina4.png in Resources */ = {isa = PBXBuildFile; fileRef = 88DE74332CAF647E0087067A /* camina4.png */; };
		88DE743C2CAF647E0087067A /* camina9.png in Resources */ = {isa = PBXBuildFile; fileRef = 88DE74382CAF647E0087067A /* camina9.png */; };
		88DE743D2CAF647E0087067A /* camina8.png in Resources */ = {isa = PBXBuildFile; fileRef = 88DE74372CAF647E0087067A /* camina8.png */; };
		88DE743E2CAF647E0087067A /* camina1.png in Resources */ = {isa = PBXBuildFile; fileRef = 88DE74302CAF647E0087067A /* camina1.png */; };
		88DE743F2CAF647E0087067A /* camina6.png in Resources */ = {isa = PBXBuildFile; fileRef = 88DE74352CAF647E0087067A /* camina6.png */; };
		88DE74402CAF647E0087067A /* camina3.png in Resources */ = {isa = PBXBuildFile; fileRef = 88DE74322CAF647E0087067A /* camina3.png */; };
		88DE74412CAF647E0087067A /* camina7.png in Resources */ = {isa = PBXBuildFile; fileRef = 88DE74362CAF647E0087067A /* camina7.png */; };
		88DE74422CAF647E0087067A /* camina5.png in Resources */ = {isa = PBXBuildFile; fileRef = 88DE74342CAF647E0087067A /* camina5.png */; };
/* End PBXBuildFile section */

/* Begin PBXFileReference section */
		88DE74182CAF645D0087067A /* animacion.app */ = {isa = PBXFileReference; explicitFileType = wrapper.application; includeInIndex = 0; path = animacion.app; sourceTree = BUILT_PRODUCTS_DIR; };
		88DE74302CAF647E0087067A /* camina1.png */ = {isa = PBXFileReference; lastKnownFileType = image.png; path = camina1.png; sourceTree = "<group>"; };
		88DE74312CAF647E0087067A /* camina2.png */ = {isa = PBXFileReference; lastKnownFileType = image.png; path = camina2.png; sourceTree = "<group>"; };
		88DE74322CAF647E0087067A /* camina3.png */ = {isa = PBXFileReference; lastKnownFileType = image.png; path = camina3.png; sourceTree = "<group>"; };
		88DE74332CAF647E0087067A /* camina4.png */ = {isa = PBXFileReference; lastKnownFileType = image.png; path = camina4.png; sourceTree = "<group>"; };
		88DE74342CAF647E0087067A /* camina5.png */ = {isa = PBXFileReference; lastKnownFileType = image.png; path = camina5.png; sourceTree = "<group>"; };
		88DE74352CAF647E0087067A /* camina6.png */ = {isa = PBXFileReference; lastKnownFileType = image.png; path = camina6.png; sourceTree = "<group>"; };
		88DE74362CAF647E0087067A /* camina7.png */ = {isa = PBXFileReference; lastKnownFileType = image.png; path = camina7.png; sourceTree = "<group>"; };
		88DE74372CAF647E0087067A /* camina8.png */ = {isa = PBXFileReference; lastKnownFileType = image.png; path = camina8.png; sourceTree = "<group>"; };
		88DE74382CAF647E0087067A /* camina9.png */ = {isa = PBXFileReference; lastKnownFileType = image.png; path = camina9.png; sourceTree = "<group>"; };
/* End PBXFileReference section */

/* Begin PBXFileSystemSynchronizedBuildFileExceptionSet section */
		88DE742A2CAF645E0087067A /* Exceptions for "animacion" folder in "animacion" target */ = {
			isa = PBXFileSystemSynchronizedBuildFileExceptionSet;
			membershipExceptions = (
				Info.plist,
			);
			target = 88DE74172CAF645D0087067A /* animacion */;
		};
/* End PBXFileSystemSynchronizedBuildFileExceptionSet section */

/* Begin PBXFileSystemSynchronizedRootGroup section */
		88DE741A2CAF645D0087067A /* animacion */ = {
			isa = PBXFileSystemSynchronizedRootGroup;
			exceptions = (
				88DE742A2CAF645E0087067A /* Exceptions for "animacion" folder in "animacion" target */,
			);
			path = animacion;
			sourceTree = "<group>";
		};
/* End PBXFileSystemSynchronizedRootGroup section */

/* Begin PBXFrameworksBuildPhase section */
		88DE74152CAF645D0087067A /* Frameworks */ = {
			isa = PBXFrameworksBuildPhase;
			buildActionMask = 2147483647;
			files = (
			);
			runOnlyForDeploymentPostprocessing = 0;
		};
/* End PBXFrameworksBuildPhase section */

/* Begin PBXGroup section */
		88DE740F2CAF645D0087067A = {
			isa = PBXGroup;
			children = (
				88DE74392CAF647E0087067A /* camina 3 */,
				88DE741A2CAF645D0087067A /* animacion */,
				88DE74192CAF645D0087067A /* Products */,
			);
			sourceTree = "<group>";
		};
		88DE74192CAF645D0087067A /* Products */ = {
			isa = PBXGroup;
			children = (
				88DE74182CAF645D0087067A /* animacion.app */,
			);
			name = Products;
			sourceTree = "<group>";
		};
		88DE74392CAF647E0087067A /* camina 3 */ = {
			isa = PBXGroup;
			children = (
				88DE74302CAF647E0087067A /* camina1.png */,
				88DE74312CAF647E0087067A /* camina2.png */,
				88DE74322CAF647E0087067A /* camina3.png */,
				88DE74332CAF647E0087067A /* camina4.png */,
				88DE74342CAF647E0087067A /* camina5.png */,
				88DE74352CAF647E0087067A /* camina6.png */,
				88DE74362CAF647E0087067A /* camina7.png */,
				88DE74372CAF647E0087067A /* camina8.png */,
				88DE74382CAF647E0087067A /* camina9.png */,
			);
			path = "camina 3";
			sourceTree = "<group>";
		};
/* End PBXGroup section */

/* Begin PBXNativeTarget section */
		88DE74172CAF645D0087067A /* animacion */ = {
			isa = PBXNativeTarget;
			buildConfigurationList = 88DE742B2CAF645E0087067A /* Build configuration list for PBXNativeTarget "animacion" */;
			buildPhases = (
				88DE74142CAF645D0087067A /* Sources */,
				88DE74152CAF645D0087067A /* Frameworks */,
				88DE74162CAF645D0087067A /* Resources */,
			);
			buildRules = (
			);
			dependencies = (
			);
			fileSystemSynchronizedGroups = (
				88DE741A2CAF645D0087067A /* animacion */,
			);
			name = animacion;
			packageProductDependencies = (
			);
			productName = animacion;
			productReference = 88DE74182CAF645D0087067A /* animacion.app */;
			productType = "com.apple.product-type.application";
		};
/* End PBXNativeTarget section */

/* Begin PBXProject section */
		88DE74102CAF645D0087067A /* Project object */ = {
			isa = PBXProject;
			attributes = {
				BuildIndependentTargetsInParallel = 1;
				LastSwiftUpdateCheck = 1600;
				LastUpgradeCheck = 1600;
				TargetAttributes = {
					88DE74172CAF645D0087067A = {
						CreatedOnToolsVersion = 16.0;
					};
				};
			};
			buildConfigurationList = 88DE74132CAF645D0087067A /* Build configuration list for PBXProject "animacion" */;
			developmentRegion = en;
			hasScannedForEncodings = 0;
			knownRegions = (
				en,
				Base,
			);
			mainGroup = 88DE740F2CAF645D0087067A;
			minimizedProjectReferenceProxies = 1;
			preferredProjectObjectVersion = 77;
			productRefGroup = 88DE74192CAF645D0087067A /* Products */;
			projectDirPath = "";
			projectRoot = "";
			targets = (
				88DE74172CAF645D0087067A /* animacion */,
			);
		};
/* End PBXProject section */

/* Begin PBXResourcesBuildPhase section */
		88DE74162CAF645D0087067A /* Resources */ = {
			isa = PBXResourcesBuildPhase;
			buildActionMask = 2147483647;
			files = (
				88DE743A2CAF647E0087067A /* camina2.png in Resources */,
				88DE743B2CAF647E0087067A /* camina4.png in Resources */,
				88DE743C2CAF647E0087067A /* camina9.png in Resources */,
				88DE743D2CAF647E0087067A /* camina8.png in Resources */,
				88DE743E2CAF647E0087067A /* camina1.png in Resources */,
				88DE743F2CAF647E0087067A /* camina6.png in Resources */,
				88DE74402CAF647E0087067A /* camina3.png in Resources */,
				88DE74412CAF647E0087067A /* camina7.png in Resources */,
				88DE74422CAF647E0087067A /* camina5.png in Resources */,
			);
			runOnlyForDeploymentPostprocessing = 0;
		};
/* End PBXResourcesBuildPhase section */

/* Begin PBXSourcesBuildPhase section */
		88DE74142CAF645D0087067A /* Sources */ = {
			isa = PBXSourcesBuildPhase;
			buildActionMask = 2147483647;
			files = (
			);
			runOnlyForDeploymentPostprocessing = 0;
		};
/* End PBXSourcesBuildPhase section */

/* Begin XCBuildConfiguration section */
		88DE742C2CAF645E0087067A /* Debug */ = {
			isa = XCBuildConfiguration;
			buildSettings = {
				ASSETCATALOG_COMPILER_APPICON_NAME = AppIcon;
				ASSETCATALOG_COMPILER_GLOBAL_ACCENT_COLOR_NAME = AccentColor;
				CODE_SIGN_STYLE = Automatic;
				CURRENT_PROJECT_VERSION = 1;
				DEVELOPMENT_TEAM = R84BK75L55;
				GENERATE_INFOPLIST_FILE = YES;
				INFOPLIST_FILE = animacion/Info.plist;
				INFOPLIST_KEY_UIApplicationSupportsIndirectInputEvents = YES;
				INFOPLIST_KEY_UILaunchStoryboardName = LaunchScreen;
				INFOPLIST_KEY_UIMainStoryboardFile = Main;
				INFOPLIST_KEY_UISupportedInterfaceOrientations_iPad = "UIInterfaceOrientationPortrait UIInterfaceOrientationPortraitUpsideDown UIInterfaceOrientationLandscapeLeft UIInterfaceOrientationLandscapeRight";
				INFOPLIST_KEY_UISupportedInterfaceOrientations_iPhone = "UIInterfaceOrientationPortrait UIInterfaceOrientationLandscapeLeft UIInterfaceOrientationLandscapeRight";
				LD_RUNPATH_SEARCH_PATHS = (
					"$(inherited)",
					"@executable_path/Frameworks",
				);
				MARKETING_VERSION = 1.0;
				PRODUCT_BUNDLE_IDENTIFIER = UTT.animacion;
				PRODUCT_NAME = "$(TARGET_NAME)";
				SUPPORTED_PLATFORMS = "iphoneos iphonesimulator";
				SUPPORTS_MACCATALYST = NO;
				SUPPORTS_MAC_DESIGNED_FOR_IPHONE_IPAD = NO;
				SUPPORTS_XR_DESIGNED_FOR_IPHONE_IPAD = NO;
				SWIFT_EMIT_LOC_STRINGS = YES;
				SWIFT_VERSION = 5.0;
				TARGETED_DEVICE_FAMILY = 1;
			};
			name = Debug;
		};
		88DE742D2CAF645E0087067A /* Release */ = {
			isa = XCBuildConfiguration;
			buildSettings = {
				ASSETCATALOG_COMPILER_APPICON_NAME = AppIcon;
				ASSETCATALOG_COMPILER_GLOBAL_ACCENT_COLOR_NAME = AccentColor;
				CODE_SIGN_STYLE = Automatic;
				CURRENT_PROJECT_VERSION = 1;
				DEVELOPMENT_TEAM = R84BK75L55;
				GENERATE_INFOPLIST_FILE = YES;
				INFOPLIST_FILE = animacion/Info.plist;
				INFOPLIST_KEY_UIApplicationSupportsIndirectInputEvents = YES;
				INFOPLIST_KEY_UILaunchStoryboardName = LaunchScreen;
				INFOPLIST_KEY_UIMainStoryboardFile = Main;
				INFOPLIST_KEY_UISupportedInterfaceOrientations_iPad = "UIInterfaceOrientationPortrait UIInterfaceOrientationPortraitUpsideDown UIInterfaceOrientationLandscapeLeft UIInterfaceOrientationLandscapeRight";
				INFOPLIST_KEY_UISupportedInterfaceOrientations_iPhone = "UIInterfaceOrientationPortrait UIInterfaceOrientationLandscapeLeft UIInterfaceOrientationLandscapeRight";
				LD_RUNPATH_SEARCH_PATHS = (
					"$(inherited)",
					"@executable_path/Frameworks",
				);
				MARKETING_VERSION = 1.0;
				PRODUCT_BUNDLE_IDENTIFIER = UTT.animacion;
				PRODUCT_NAME = "$(TARGET_NAME)";
				SUPPORTED_PLATFORMS = "iphoneos iphonesimulator";
				SUPPORTS_MACCATALYST = NO;
				SUPPORTS_MAC_DESIGNED_FOR_IPHONE_IPAD = NO;
				SUPPORTS_XR_DESIGNED_FOR_IPHONE_IPAD = NO;
				SWIFT_EMIT_LOC_STRINGS = YES;
				SWIFT_VERSION = 5.0;
				TARGETED_DEVICE_FAMILY = 1;
			};
			name = Release;
		};
		88DE742E2CAF645E0087067A /* Debug */ = {
			isa = XCBuildConfiguration;
			buildSettings = {
				ALWAYS_SEARCH_USER_PATHS = NO;
				ASSETCATALOG_COMPILER_GENERATE_SWIFT_ASSET_SYMBOL_EXTENSIONS = YES;
				CLANG_ANALYZER_NONNULL = YES;
				CLANG_ANALYZER_NUMBER_OBJECT_CONVERSION = YES_AGGRESSIVE;
				CLANG_CXX_LANGUAGE_STANDARD = "gnu++20";
				CLANG_ENABLE_MODULES = YES;
				CLANG_ENABLE_OBJC_ARC = YES;
				CLANG_ENABLE_OBJC_WEAK = YES;
				CLANG_WARN_BLOCK_CAPTURE_AUTORELEASING = YES;
				CLANG_WARN_BOOL_CONVERSION = YES;
				CLANG_WARN_COMMA = YES;
				CLANG_WARN_CONSTANT_CONVERSION = YES;
				CLANG_WARN_DEPRECATED_OBJC_IMPLEMENTATIONS = YES;
				CLANG_WARN_DIRECT_OBJC_ISA_USAGE = YES_ERROR;
				CLANG_WARN_DOCUMENTATION_COMMENTS = YES;
				CLANG_WARN_EMPTY_BODY = YES;
				CLANG_WARN_ENUM_CONVERSION = YES;
				CLANG_WARN_INFINITE_RECURSION = YES;
				CLANG_WARN_INT_CONVERSION = YES;
				CLANG_WARN_NON_LITERAL_NULL_CONVERSION = YES;
				CLANG_WARN_OBJC_IMPLICIT_RETAIN_SELF = YES;
				CLANG_WARN_OBJC_LITERAL_CONVERSION = YES;
				CLANG_WARN_OBJC_ROOT_CLASS = YES_ERROR;
				CLANG_WARN_QUOTED_INCLUDE_IN_FRAMEWORK_HEADER = YES;
				CLANG_WARN_RANGE_LOOP_ANALYSIS = YES;
				CLANG_WARN_STRICT_PROTOTYPES = YES;
				CLANG_WARN_SUSPICIOUS_MOVE = YES;
				CLANG_WARN_UNGUARDED_AVAILABILITY = YES_AGGRESSIVE;
				CLANG_WARN_UNREACHABLE_CODE = YES;
				CLANG_WARN__DUPLICATE_METHOD_MATCH = YES;
				COPY_PHASE_STRIP = NO;
				DEBUG_INFORMATION_FORMAT = dwarf;
				ENABLE_STRICT_OBJC_MSGSEND = YES;
				ENABLE_TESTABILITY = YES;
				ENABLE_USER_SCRIPT_SANDBOXING = YES;
				GCC_C_LANGUAGE_STANDARD = gnu17;
				GCC_DYNAMIC_NO_PIC = NO;
				GCC_NO_COMMON_BLOCKS = YES;
				GCC_OPTIMIZATION_LEVEL = 0;
				GCC_PREPROCESSOR_DEFINITIONS = (
					"DEBUG=1",
					"$(inherited)",
				);
				GCC_WARN_64_TO_32_BIT_CONVERSION = YES;
				GCC_WARN_ABOUT_RETURN_TYPE = YES_ERROR;
				GCC_WARN_UNDECLARED_SELECTOR = YES;
				GCC_WARN_UNINITIALIZED_AUTOS = YES_AGGRESSIVE;
				GCC_WARN_UNUSED_FUNCTION = YES;
				GCC_WARN_UNUSED_VARIABLE = YES;
				IPHONEOS_DEPLOYMENT_TARGET = 18.0;
				LOCALIZATION_PREFERS_STRING_CATALOGS = YES;
				MTL_ENABLE_DEBUG_INFO = INCLUDE_SOURCE;
				MTL_FAST_MATH = YES;
				ONLY_ACTIVE_ARCH = YES;
				SDKROOT = iphoneos;
				SWIFT_ACTIVE_COMPILATION_CONDITIONS = "DEBUG $(inherited)";
				SWIFT_OPTIMIZATION_LEVEL = "-Onone";
			};
			name = Debug;
		};
		88DE742F2CAF645E0087067A /* Release */ = {
			isa = XCBuildConfiguration;
			buildSettings = {
				ALWAYS_SEARCH_USER_PATHS = NO;
				ASSETCATALOG_COMPILER_GENERATE_SWIFT_ASSET_SYMBOL_EXTENSIONS = YES;
				CLANG_ANALYZER_NONNULL = YES;
				CLANG_ANALYZER_NUMBER_OBJECT_CONVERSION = YES_AGGRESSIVE;
				CLANG_CXX_LANGUAGE_STANDARD = "gnu++20";
				CLANG_ENABLE_MODULES = YES;
				CLANG_ENABLE_OBJC_ARC = YES;
				CLANG_ENABLE_OBJC_WEAK = YES;
				CLANG_WARN_BLOCK_CAPTURE_AUTORELEASING = YES;
				CLANG_WARN_BOOL_CONVERSION = YES;
				CLANG_WARN_COMMA = YES;
				CLANG_WARN_CONSTANT_CONVERSION = YES;
				CLANG_WARN_DEPRECATED_OBJC_IMPLEMENTATIONS = YES;
				CLANG_WARN_DIRECT_OBJC_ISA_USAGE = YES_ERROR;
				CLANG_WARN_DOCUMENTATION_COMMENTS = YES;
				CLANG_WARN_EMPTY_BODY = YES;
				CLANG_WARN_ENUM_CONVERSION = YES;
				CLANG_WARN_INFINITE_RECURSION = YES;
				CLANG_WARN_INT_CONVERSION = YES;
				CLANG_WARN_NON_LITERAL_NULL_CONVERSION = YES;
				CLANG_WARN_OBJC_IMPLICIT_RETAIN_SELF = YES;
				CLANG_WARN_OBJC_LITERAL_CONVERSION = YES;
				CLANG_WARN_OBJC_ROOT_CLASS = YES_ERROR;
				CLANG_WARN_QUOTED_INCLUDE_IN_FRAMEWORK_HEADER = YES;
				CLANG_WARN_RANGE_LOOP_ANALYSIS = YES;
				CLANG_WARN_STRICT_PROTOTYPES = YES;
				CLANG_WARN_SUSPICIOUS_MOVE = YES;
				CLANG_WARN_UNGUARDED_AVAILABILITY = YES_AGGRESSIVE;
				CLANG_WARN_UNREACHABLE_CODE = YES;
				CLANG_WARN__DUPLICATE_METHOD_MATCH = YES;
				COPY_PHASE_STRIP = NO;
				DEBUG_INFORMATION_FORMAT = "dwarf-with-dsym";
				ENABLE_NS_ASSERTIONS = NO;
				ENABLE_STRICT_OBJC_MSGSEND = YES;
				ENABLE_USER_SCRIPT_SANDBOXING = YES;
				GCC_C_LANGUAGE_STANDARD = gnu17;
				GCC_NO_COMMON_BLOCKS = YES;
				GCC_WARN_64_TO_32_BIT_CONVERSION = YES;
				GCC_WARN_ABOUT_RETURN_TYPE = YES_ERROR;
				GCC_WARN_UNDECLARED_SELECTOR = YES;
				GCC_WARN_UNINITIALIZED_AUTOS = YES_AGGRESSIVE;
				GCC_WARN_UNUSED_FUNCTION = YES;
				GCC_WARN_UNUSED_VARIABLE = YES;
				IPHONEOS_DEPLOYMENT_TARGET = 18.0;
				LOCALIZATION_PREFERS_STRING_CATALOGS = YES;
				MTL_ENABLE_DEBUG_INFO = NO;
				MTL_FAST_MATH = YES;
				SDKROOT = iphoneos;
				SWIFT_COMPILATION_MODE = wholemodule;
				VALIDATE_PRODUCT = YES;
			};
			name = Release;
		};
/* End XCBuildConfiguration section */

/* Begin XCConfigurationList section */
		88DE74132CAF645D0087067A /* Build configuration list for PBXProject "animacion" */ = {
			isa = XCConfigurationList;
			buildConfigurations = (
				88DE742E2CAF645E0087067A /* Debug */,
				88DE742F2CAF645E0087067A /* Release */,
			);
			defaultConfigurationIsVisible = 0;
			defaultConfigurationName = Release;
		};
		88DE742B2CAF645E0087067A /* Build configuration list for PBXNativeTarget "animacion" */ = {
			isa = XCConfigurationList;
			buildConfigurations = (
				88DE742C2CAF645E0087067A /* Debug */,
				88DE742D2CAF645E0087067A /* Release */,
			);
			defaultConfigurationIsVisible = 0;
			defaultConfigurationName = Release;
		};
/* End XCConfigurationList section */
	};
	rootObject = 88DE74102CAF645D0087067A /* Project object */;
}
